// !$*UTF8*$!
{
	archiveVersion = 1;
	classes = {
	};
	objectVersion = 50;
	objects = {

/* Begin PBXBuildFile section */
		6CBA6701214CAD5700D02B3F /* AppDelegate.swift in Sources */ = {isa = PBXBuildFile; fileRef = 6CBA6700214CAD5700D02B3F /* AppDelegate.swift */; };
		6CBA6703214CAD5700D02B3F /* ViewController.swift in Sources */ = {isa = PBXBuildFile; fileRef = 6CBA6702214CAD5700D02B3F /* ViewController.swift */; };
		6CBA6706214CAD5700D02B3F /* Main.storyboard in Resources */ = {isa = PBXBuildFile; fileRef = 6CBA6704214CAD5700D02B3F /* Main.storyboard */; };
		6CBA6708214CAD5800D02B3F /* Assets.xcassets in Resources */ = {isa = PBXBuildFile; fileRef = 6CBA6707214CAD5800D02B3F /* Assets.xcassets */; };
		6CBA670B214CAD5800D02B3F /* LaunchScreen.storyboard in Resources */ = {isa = PBXBuildFile; fileRef = 6CBA6709214CAD5800D02B3F /* LaunchScreen.storyboard */; };
		6CBA6716214CAD5800D02B3F /* UITableViewCellBuilderTests.swift in Sources */ = {isa = PBXBuildFile; fileRef = 6CBA6715214CAD5800D02B3F /* UITableViewCellBuilderTests.swift */; };
		6CBA6722214CAD9400D02B3F /* UITableViewCellBuilder.swift in Sources */ = {isa = PBXBuildFile; fileRef = 6CBA6721214CAD9400D02B3F /* UITableViewCellBuilder.swift */; };
		6CBA6724214CAE0D00D02B3F /* UITableViewCellUpdatable.swift in Sources */ = {isa = PBXBuildFile; fileRef = 6CBA6723214CAE0D00D02B3F /* UITableViewCellUpdatable.swift */; };
		6CBA6726214CAF1900D02B3F /* TableViewCellBuilder.swift in Sources */ = {isa = PBXBuildFile; fileRef = 6CBA6725214CAF1900D02B3F /* TableViewCellBuilder.swift */; };
		6CBA672F214CB08B00D02B3F /* InfoCell.swift in Sources */ = {isa = PBXBuildFile; fileRef = 6CBA672B214CB08A00D02B3F /* InfoCell.swift */; };
		6CBA6730214CB08B00D02B3F /* SwitchCell.swift in Sources */ = {isa = PBXBuildFile; fileRef = 6CBA672C214CB08A00D02B3F /* SwitchCell.swift */; };
		6CBA6731214CB08B00D02B3F /* TextCell.swift in Sources */ = {isa = PBXBuildFile; fileRef = 6CBA672D214CB08A00D02B3F /* TextCell.swift */; };
		6CBA6732214CB08B00D02B3F /* UserInfoCell.swift in Sources */ = {isa = PBXBuildFile; fileRef = 6CBA672E214CB08B00D02B3F /* UserInfoCell.swift */; };
		6CBA6734214CB57000D02B3F /* UITableView+Reusable.swift in Sources */ = {isa = PBXBuildFile; fileRef = 6CBA6733214CB57000D02B3F /* UITableView+Reusable.swift */; };
/* End PBXBuildFile section */

/* Begin PBXContainerItemProxy section */
		6CBA6712214CAD5800D02B3F /* PBXContainerItemProxy */ = {
			isa = PBXContainerItemProxy;
			containerPortal = 6CBA66F5214CAD5700D02B3F /* Project object */;
			proxyType = 1;
			remoteGlobalIDString = 6CBA66FC214CAD5700D02B3F;
			remoteInfo = UITableViewCellBuilder;
		};
/* End PBXContainerItemProxy section */

/* Begin PBXFileReference section */
		6CBA66FD214CAD5700D02B3F /* UITableViewCellBuilder.app */ = {isa = PBXFileReference; explicitFileType = wrapper.application; includeInIndex = 0; path = UITableViewCellBuilder.app; sourceTree = BUILT_PRODUCTS_DIR; };
		6CBA6700214CAD5700D02B3F /* AppDelegate.swift */ = {isa = PBXFileReference; lastKnownFileType = sourcecode.swift; path = AppDelegate.swift; sourceTree = "<group>"; };
		6CBA6702214CAD5700D02B3F /* ViewController.swift */ = {isa = PBXFileReference; lastKnownFileType = sourcecode.swift; path = ViewController.swift; sourceTree = "<group>"; };
		6CBA6705214CAD5700D02B3F /* Base */ = {isa = PBXFileReference; lastKnownFileType = file.storyboard; name = Base; path = Base.lproj/Main.storyboard; sourceTree = "<group>"; };
		6CBA6707214CAD5800D02B3F /* Assets.xcassets */ = {isa = PBXFileReference; lastKnownFileType = folder.assetcatalog; path = Assets.xcassets; sourceTree = "<group>"; };
		6CBA670A214CAD5800D02B3F /* Base */ = {isa = PBXFileReference; lastKnownFileType = file.storyboard; name = Base; path = Base.lproj/LaunchScreen.storyboard; sourceTree = "<group>"; };
		6CBA670C214CAD5800D02B3F /* Info.plist */ = {isa = PBXFileReference; lastKnownFileType = text.plist.xml; path = Info.plist; sourceTree = "<group>"; };
		6CBA6711214CAD5800D02B3F /* UITableViewCellBuilderTests.xctest */ = {isa = PBXFileReference; explicitFileType = wrapper.cfbundle; includeInIndex = 0; path = UITableViewCellBuilderTests.xctest; sourceTree = BUILT_PRODUCTS_DIR; };
		6CBA6715214CAD5800D02B3F /* UITableViewCellBuilderTests.swift */ = {isa = PBXFileReference; lastKnownFileType = sourcecode.swift; path = UITableViewCellBuilderTests.swift; sourceTree = "<group>"; };
		6CBA6717214CAD5800D02B3F /* Info.plist */ = {isa = PBXFileReference; lastKnownFileType = text.plist.xml; path = Info.plist; sourceTree = "<group>"; };
		6CBA6721214CAD9400D02B3F /* UITableViewCellBuilder.swift */ = {isa = PBXFileReference; lastKnownFileType = sourcecode.swift; path = UITableViewCellBuilder.swift; sourceTree = "<group>"; };
		6CBA6723214CAE0D00D02B3F /* UITableViewCellUpdatable.swift */ = {isa = PBXFileReference; lastKnownFileType = sourcecode.swift; path = UITableViewCellUpdatable.swift; sourceTree = "<group>"; };
		6CBA6725214CAF1900D02B3F /* TableViewCellBuilder.swift */ = {isa = PBXFileReference; lastKnownFileType = sourcecode.swift; path = TableViewCellBuilder.swift; sourceTree = "<group>"; };
		6CBA672B214CB08A00D02B3F /* InfoCell.swift */ = {isa = PBXFileReference; fileEncoding = 4; lastKnownFileType = sourcecode.swift; path = InfoCell.swift; sourceTree = "<group>"; };
		6CBA672C214CB08A00D02B3F /* SwitchCell.swift */ = {isa = PBXFileReference; fileEncoding = 4; lastKnownFileType = sourcecode.swift; path = SwitchCell.swift; sourceTree = "<group>"; };
		6CBA672D214CB08A00D02B3F /* TextCell.swift */ = {isa = PBXFileReference; fileEncoding = 4; lastKnownFileType = sourcecode.swift; path = TextCell.swift; sourceTree = "<group>"; };
		6CBA672E214CB08B00D02B3F /* UserInfoCell.swift */ = {isa = PBXFileReference; fileEncoding = 4; lastKnownFileType = sourcecode.swift; path = UserInfoCell.swift; sourceTree = "<group>"; };
		6CBA6733214CB57000D02B3F /* UITableView+Reusable.swift */ = {isa = PBXFileReference; lastKnownFileType = sourcecode.swift; path = "UITableView+Reusable.swift"; sourceTree = "<group>"; };
/* End PBXFileReference section */

/* Begin PBXFrameworksBuildPhase section */
		6CBA66FA214CAD5700D02B3F /* Frameworks */ = {
			isa = PBXFrameworksBuildPhase;
			buildActionMask = 2147483647;
			files = (
			);
			runOnlyForDeploymentPostprocessing = 0;
		};
		6CBA670E214CAD5800D02B3F /* Frameworks */ = {
			isa = PBXFrameworksBuildPhase;
			buildActionMask = 2147483647;
			files = (
			);
			runOnlyForDeploymentPostprocessing = 0;
		};
/* End PBXFrameworksBuildPhase section */

/* Begin PBXGroup section */
		6CBA66F4214CAD5700D02B3F = {
			isa = PBXGroup;
			children = (
				6CBA6720214CAD6200D02B3F /* Sources */,
				6CBA66FF214CAD5700D02B3F /* UITableViewCellBuilder */,
				6CBA6714214CAD5800D02B3F /* UITableViewCellBuilderTests */,
				6CBA66FE214CAD5700D02B3F /* Products */,
			);
			sourceTree = "<group>";
		};
		6CBA66FE214CAD5700D02B3F /* Products */ = {
			isa = PBXGroup;
			children = (
				6CBA66FD214CAD5700D02B3F /* UITableViewCellBuilder.app */,
				6CBA6711214CAD5800D02B3F /* UITableViewCellBuilderTests.xctest */,
			);
			name = Products;
			sourceTree = "<group>";
		};
		6CBA66FF214CAD5700D02B3F /* UITableViewCellBuilder */ = {
			isa = PBXGroup;
			children = (
				6CBA6735214CB6E200D02B3F /* Cell */,
				6CBA6700214CAD5700D02B3F /* AppDelegate.swift */,
				6CBA6702214CAD5700D02B3F /* ViewController.swift */,
				6CBA6725214CAF1900D02B3F /* TableViewCellBuilder.swift */,
				6CBA6704214CAD5700D02B3F /* Main.storyboard */,
				6CBA6707214CAD5800D02B3F /* Assets.xcassets */,
				6CBA6709214CAD5800D02B3F /* LaunchScreen.storyboard */,
				6CBA670C214CAD5800D02B3F /* Info.plist */,
			);
			path = UITableViewCellBuilder;
			sourceTree = "<group>";
		};
		6CBA6714214CAD5800D02B3F /* UITableViewCellBuilderTests */ = {
			isa = PBXGroup;
			children = (
				6CBA6715214CAD5800D02B3F /* UITableViewCellBuilderTests.swift */,
				6CBA6717214CAD5800D02B3F /* Info.plist */,
			);
			path = UITableViewCellBuilderTests;
			sourceTree = "<group>";
		};
		6CBA6720214CAD6200D02B3F /* Sources */ = {
			isa = PBXGroup;
			children = (
				6CBA6721214CAD9400D02B3F /* UITableViewCellBuilder.swift */,
				6CBA6723214CAE0D00D02B3F /* UITableViewCellUpdatable.swift */,
				6CBA6733214CB57000D02B3F /* UITableView+Reusable.swift */,
			);
			path = Sources;
			sourceTree = "<group>";
		};
		6CBA6735214CB6E200D02B3F /* Cell */ = {
			isa = PBXGroup;
			children = (
				6CBA672E214CB08B00D02B3F /* UserInfoCell.swift */,
				6CBA672D214CB08A00D02B3F /* TextCell.swift */,
				6CBA672B214CB08A00D02B3F /* InfoCell.swift */,
				6CBA672C214CB08A00D02B3F /* SwitchCell.swift */,
			);
			path = Cell;
			sourceTree = "<group>";
		};
/* End PBXGroup section */

/* Begin PBXNativeTarget section */
		6CBA66FC214CAD5700D02B3F /* UITableViewCellBuilder */ = {
			isa = PBXNativeTarget;
			buildConfigurationList = 6CBA671A214CAD5800D02B3F /* Build configuration list for PBXNativeTarget "UITableViewCellBuilder" */;
			buildPhases = (
				6CBA66F9214CAD5700D02B3F /* Sources */,
				6CBA66FA214CAD5700D02B3F /* Frameworks */,
				6CBA66FB214CAD5700D02B3F /* Resources */,
			);
			buildRules = (
			);
			dependencies = (
			);
			name = UITableViewCellBuilder;
			productName = UITableViewCellBuilder;
			productReference = 6CBA66FD214CAD5700D02B3F /* UITableViewCellBuilder.app */;
			productType = "com.apple.product-type.application";
		};
		6CBA6710214CAD5800D02B3F /* UITableViewCellBuilderTests */ = {
			isa = PBXNativeTarget;
			buildConfigurationList = 6CBA671D214CAD5800D02B3F /* Build configuration list for PBXNativeTarget "UITableViewCellBuilderTests" */;
			buildPhases = (
				6CBA670D214CAD5800D02B3F /* Sources */,
				6CBA670E214CAD5800D02B3F /* Frameworks */,
				6CBA670F214CAD5800D02B3F /* Resources */,
			);
			buildRules = (
			);
			dependencies = (
				6CBA6713214CAD5800D02B3F /* PBXTargetDependency */,
			);
			name = UITableViewCellBuilderTests;
			productName = UITableViewCellBuilderTests;
			productReference = 6CBA6711214CAD5800D02B3F /* UITableViewCellBuilderTests.xctest */;
			productType = "com.apple.product-type.bundle.unit-test";
		};
/* End PBXNativeTarget section */

/* Begin PBXProject section */
		6CBA66F5214CAD5700D02B3F /* Project object */ = {
			isa = PBXProject;
			attributes = {
				LastSwiftUpdateCheck = 0940;
				LastUpgradeCheck = 0940;
				ORGANIZATIONNAME = Pircate;
				TargetAttributes = {
					6CBA66FC214CAD5700D02B3F = {
						CreatedOnToolsVersion = 9.4.1;
					};
					6CBA6710214CAD5800D02B3F = {
						CreatedOnToolsVersion = 9.4.1;
						TestTargetID = 6CBA66FC214CAD5700D02B3F;
					};
				};
			};
			buildConfigurationList = 6CBA66F8214CAD5700D02B3F /* Build configuration list for PBXProject "UITableViewCellBuilder" */;
			compatibilityVersion = "Xcode 9.3";
			developmentRegion = en;
			hasScannedForEncodings = 0;
			knownRegions = (
				en,
				Base,
			);
			mainGroup = 6CBA66F4214CAD5700D02B3F;
			productRefGroup = 6CBA66FE214CAD5700D02B3F /* Products */;
			projectDirPath = "";
			projectRoot = "";
			targets = (
				6CBA66FC214CAD5700D02B3F /* UITableViewCellBuilder */,
				6CBA6710214CAD5800D02B3F /* UITableViewCellBuilderTests */,
			);
		};
/* End PBXProject section */

/* Begin PBXResourcesBuildPhase section */
		6CBA66FB214CAD5700D02B3F /* Resources */ = {
			isa = PBXResourcesBuildPhase;
			buildActionMask = 2147483647;
			files = (
				6CBA670B214CAD5800D02B3F /* LaunchScreen.storyboard in Resources */,
				6CBA6708214CAD5800D02B3F /* Assets.xcassets in Resources */,
				6CBA6706214CAD5700D02B3F /* Main.storyboard in Resources */,
			);
			runOnlyForDeploymentPostprocessing = 0;
		};
		6CBA670F214CAD5800D02B3F /* Resources */ = {
			isa = PBXResourcesBuildPhase;
			buildActionMask = 2147483647;
			files = (
			);
			runOnlyForDeploymentPostprocessing = 0;
		};
/* End PBXResourcesBuildPhase section */

/* Begin PBXSourcesBuildPhase section */
		6CBA66F9214CAD5700D02B3F /* Sources */ = {
			isa = PBXSourcesBuildPhase;
			buildActionMask = 2147483647;
			files = (
				6CBA6734214CB57000D02B3F /* UITableView+Reusable.swift in Sources */,
				6CBA672F214CB08B00D02B3F /* InfoCell.swift in Sources */,
				6CBA6724214CAE0D00D02B3F /* UITableViewCellUpdatable.swift in Sources */,
				6CBA6731214CB08B00D02B3F /* TextCell.swift in Sources */,
				6CBA6703214CAD5700D02B3F /* ViewController.swift in Sources */,
				6CBA6726214CAF1900D02B3F /* TableViewCellBuilder.swift in Sources */,
				6CBA6730214CB08B00D02B3F /* SwitchCell.swift in Sources */,
				6CBA6701214CAD5700D02B3F /* AppDelegate.swift in Sources */,
				6CBA6732214CB08B00D02B3F /* UserInfoCell.swift in Sources */,
				6CBA6722214CAD9400D02B3F /* UITableViewCellBuilder.swift in Sources */,
			);
			runOnlyForDeploymentPostprocessing = 0;
		};
		6CBA670D214CAD5800D02B3F /* Sources */ = {
			isa = PBXSourcesBuildPhase;
			buildActionMask = 2147483647;
			files = (
				6CBA6716214CAD5800D02B3F /* UITableViewCellBuilderTests.swift in Sources */,
			);
			runOnlyForDeploymentPostprocessing = 0;
		};
/* End PBXSourcesBuildPhase section */

/* Begin PBXTargetDependency section */
		6CBA6713214CAD5800D02B3F /* PBXTargetDependency */ = {
			isa = PBXTargetDependency;
			target = 6CBA66FC214CAD5700D02B3F /* UITableViewCellBuilder */;
			targetProxy = 6CBA6712214CAD5800D02B3F /* PBXContainerItemProxy */;
		};
/* End PBXTargetDependency section */

/* Begin PBXVariantGroup section */
		6CBA6704214CAD5700D02B3F /* Main.storyboard */ = {
			isa = PBXVariantGroup;
			children = (
				6CBA6705214CAD5700D02B3F /* Base */,
			);
			name = Main.storyboard;
			sourceTree = "<group>";
		};
		6CBA6709214CAD5800D02B3F /* LaunchScreen.storyboard */ = {
			isa = PBXVariantGroup;
			children = (
				6CBA670A214CAD5800D02B3F /* Base */,
			);
			name = LaunchScreen.storyboard;
			sourceTree = "<group>";
		};
/* End PBXVariantGroup section */

/* Begin XCBuildConfiguration section */
		6CBA6718214CAD5800D02B3F /* Debug */ = {
			isa = XCBuildConfiguration;
			buildSettings = {
				ALWAYS_SEARCH_USER_PATHS = NO;
				CLANG_ANALYZER_NONNULL = YES;
				CLANG_ANALYZER_NUMBER_OBJECT_CONVERSION = YES_AGGRESSIVE;
				CLANG_CXX_LANGUAGE_STANDARD = "gnu++14";
				CLANG_CXX_LIBRARY = "libc++";
				CLANG_ENABLE_MODULES = YES;
				CLANG_ENABLE_OBJC_ARC = YES;
				CLANG_ENABLE_OBJC_WEAK = YES;
				CLANG_WARN_BLOCK_CAPTURE_AUTORELEASING = YES;
				CLANG_WARN_BOOL_CONVERSION = YES;
				CLANG_WARN_COMMA = YES;
				CLANG_WARN_CONSTANT_CONVERSION = YES;
				CLANG_WARN_DEPRECATED_OBJC_IMPLEMENTATIONS = YES;
				CLANG_WARN_DIRECT_OBJC_ISA_USAGE = YES_ERROR;
				CLANG_WARN_DOCUMENTATION_COMMENTS = YES;
				CLANG_WARN_EMPTY_BODY = YES;
				CLANG_WARN_ENUM_CONVERSION = YES;
				CLANG_WARN_INFINITE_RECURSION = YES;
				CLANG_WARN_INT_CONVERSION = YES;
				CLANG_WARN_NON_LITERAL_NULL_CONVERSION = YES;
				CLANG_WARN_OBJC_IMPLICIT_RETAIN_SELF = YES;
				CLANG_WARN_OBJC_LITERAL_CONVERSION = YES;
				CLANG_WARN_OBJC_ROOT_CLASS = YES_ERROR;
				CLANG_WARN_RANGE_LOOP_ANALYSIS = YES;
				CLANG_WARN_STRICT_PROTOTYPES = YES;
				CLANG_WARN_SUSPICIOUS_MOVE = YES;
				CLANG_WARN_UNGUARDED_AVAILABILITY = YES_AGGRESSIVE;
				CLANG_WARN_UNREACHABLE_CODE = YES;
				CLANG_WARN__DUPLICATE_METHOD_MATCH = YES;
				CODE_SIGN_IDENTITY = "iPhone Developer";
				COPY_PHASE_STRIP = NO;
				DEBUG_INFORMATION_FORMAT = dwarf;
				ENABLE_STRICT_OBJC_MSGSEND = YES;
				ENABLE_TESTABILITY = YES;
				GCC_C_LANGUAGE_STANDARD = gnu11;
				GCC_DYNAMIC_NO_PIC = NO;
				GCC_NO_COMMON_BLOCKS = YES;
				GCC_OPTIMIZATION_LEVEL = 0;
				GCC_PREPROCESSOR_DEFINITIONS = (
					"DEBUG=1",
					"$(inherited)",
				);
				GCC_WARN_64_TO_32_BIT_CONVERSION = YES;
				GCC_WARN_ABOUT_RETURN_TYPE = YES_ERROR;
				GCC_WARN_UNDECLARED_SELECTOR = YES;
				GCC_WARN_UNINITIALIZED_AUTOS = YES_AGGRESSIVE;
				GCC_WARN_UNUSED_FUNCTION = YES;
				GCC_WARN_UNUSED_VARIABLE = YES;
				IPHONEOS_DEPLOYMENT_TARGET = 11.4;
				MTL_ENABLE_DEBUG_INFO = YES;
				ONLY_ACTIVE_ARCH = YES;
				SDKROOT = iphoneos;
				SWIFT_ACTIVE_COMPILATION_CONDITIONS = DEBUG;
				SWIFT_OPTIMIZATION_LEVEL = "-Onone";
			};
			name = Debug;
		};
		6CBA6719214CAD5800D02B3F /* Release */ = {
			isa = XCBuildConfiguration;
			buildSettings = {
				ALWAYS_SEARCH_USER_PATHS = NO;
				CLANG_ANALYZER_NONNULL = YES;
				CLANG_ANALYZER_NUMBER_OBJECT_CONVERSION = YES_AGGRESSIVE;
				CLANG_CXX_LANGUAGE_STANDARD = "gnu++14";
				CLANG_CXX_LIBRARY = "libc++";
				CLANG_ENABLE_MODULES = YES;
				CLANG_ENABLE_OBJC_ARC = YES;
				CLANG_ENABLE_OBJC_WEAK = YES;
				CLANG_WARN_BLOCK_CAPTURE_AUTORELEASING = YES;
				CLANG_WARN_BOOL_CONVERSION = YES;
				CLANG_WARN_COMMA = YES;
				CLANG_WARN_CONSTANT_CONVERSION = YES;
				CLANG_WARN_DEPRECATED_OBJC_IMPLEMENTATIONS = YES;
				CLANG_WARN_DIRECT_OBJC_ISA_USAGE = YES_ERROR;
				CLANG_WARN_DOCUMENTATION_COMMENTS = YES;
				CLANG_WARN_EMPTY_BODY = YES;
				CLANG_WARN_ENUM_CONVERSION = YES;
				CLANG_WARN_INFINITE_RECURSION = YES;
				CLANG_WARN_INT_CONVERSION = YES;
				CLANG_WARN_NON_LITERAL_NULL_CONVERSION = YES;
				CLANG_WARN_OBJC_IMPLICIT_RETAIN_SELF = YES;
				CLANG_WARN_OBJC_LITERAL_CONVERSION = YES;
				CLANG_WARN_OBJC_ROOT_CLASS = YES_ERROR;
				CLANG_WARN_RANGE_LOOP_ANALYSIS = YES;
				CLANG_WARN_STRICT_PROTOTYPES = YES;
				CLANG_WARN_SUSPICIOUS_MOVE = YES;
				CLANG_WARN_UNGUARDED_AVAILABILITY = YES_AGGRESSIVE;
				CLANG_WARN_UNREACHABLE_CODE = YES;
				CLANG_WARN__DUPLICATE_METHOD_MATCH = YES;
				CODE_SIGN_IDENTITY = "iPhone Developer";
				COPY_PHASE_STRIP = NO;
				DEBUG_INFORMATION_FORMAT = "dwarf-with-dsym";
				ENABLE_NS_ASSERTIONS = NO;
				ENABLE_STRICT_OBJC_MSGSEND = YES;
				GCC_C_LANGUAGE_STANDARD = gnu11;
				GCC_NO_COMMON_BLOCKS = YES;
				GCC_WARN_64_TO_32_BIT_CONVERSION = YES;
				GCC_WARN_ABOUT_RETURN_TYPE = YES_ERROR;
				GCC_WARN_UNDECLARED_SELECTOR = YES;
				GCC_WARN_UNINITIALIZED_AUTOS = YES_AGGRESSIVE;
				GCC_WARN_UNUSED_FUNCTION = YES;
				GCC_WARN_UNUSED_VARIABLE = YES;
				IPHONEOS_DEPLOYMENT_TARGET = 11.4;
				MTL_ENABLE_DEBUG_INFO = NO;
				SDKROOT = iphoneos;
				SWIFT_COMPILATION_MODE = wholemodule;
				SWIFT_OPTIMIZATION_LEVEL = "-O";
				VALIDATE_PRODUCT = YES;
			};
			name = Release;
		};
		6CBA671B214CAD5800D02B3F /* Debug */ = {
			isa = XCBuildConfiguration;
			buildSettings = {
				ASSETCATALOG_COMPILER_APPICON_NAME = AppIcon;
				CODE_SIGN_STYLE = Automatic;
				INFOPLIST_FILE = UITableViewCellBuilder/Info.plist;
				LD_RUNPATH_SEARCH_PATHS = (
					"$(inherited)",
					"@executable_path/Frameworks",
				);
				PRODUCT_BUNDLE_IDENTIFIER = com.pircate.github.UITableViewCellBuilder;
				PRODUCT_NAME = "$(TARGET_NAME)";
				SWIFT_VERSION = 4.0;
				TARGETED_DEVICE_FAMILY = "1,2";
			};
			name = Debug;
		};
		6CBA671C214CAD5800D02B3F /* Release */ = {
			isa = XCBuildConfiguration;
			buildSettings = {
				ASSETCATALOG_COMPILER_APPICON_NAME = AppIcon;
				CODE_SIGN_STYLE = Automatic;
				INFOPLIST_FILE = UITableViewCellBuilder/Info.plist;
				LD_RUNPATH_SEARCH_PATHS = (
					"$(inherited)",
					"@executable_path/Frameworks",
				);
				PRODUCT_BUNDLE_IDENTIFIER = com.pircate.github.UITableViewCellBuilder;
				PRODUCT_NAME = "$(TARGET_NAME)";
				SWIFT_VERSION = 4.0;
				TARGETED_DEVICE_FAMILY = "1,2";
			};
			name = Release;
		};
		6CBA671E214CAD5800D02B3F /* Debug */ = {
			isa = XCBuildConfiguration;
			buildSettings = {
				ALWAYS_EMBED_SWIFT_STANDARD_LIBRARIES = YES;
				BUNDLE_LOADER = "$(TEST_HOST)";
				CODE_SIGN_STYLE = Automatic;
				INFOPLIST_FILE = UITableViewCellBuilderTests/Info.plist;
				LD_RUNPATH_SEARCH_PATHS = (
					"$(inherited)",
					"@executable_path/Frameworks",
					"@loader_path/Frameworks",
				);
				PRODUCT_BUNDLE_IDENTIFIER = com.pircate.github.UITableViewCellBuilderTests;
				PRODUCT_NAME = "$(TARGET_NAME)";
				SWIFT_VERSION = 4.0;
				TARGETED_DEVICE_FAMILY = "1,2";
				TEST_HOST = "$(BUILT_PRODUCTS_DIR)/UITableViewCellBuilder.app/UITableViewCellBuilder";
			};
			name = Debug;
		};
		6CBA671F214CAD5800D02B3F /* Release */ = {
			isa = XCBuildConfiguration;
			buildSettings = {
				ALWAYS_EMBED_SWIFT_STANDARD_LIBRARIES = YES;
				BUNDLE_LOADER = "$(TEST_HOST)";
				CODE_SIGN_STYLE = Automatic;
				INFOPLIST_FILE = UITableViewCellBuilderTests/Info.plist;
				LD_RUNPATH_SEARCH_PATHS = (
					"$(inherited)",
					"@executable_path/Frameworks",
					"@loader_path/Frameworks",
				);
				PRODUCT_BUNDLE_IDENTIFIER = com.pircate.github.UITableViewCellBuilderTests;
				PRODUCT_NAME = "$(TARGET_NAME)";
				SWIFT_VERSION = 4.0;
				TARGETED_DEVICE_FAMILY = "1,2";
				TEST_HOST = "$(BUILT_PRODUCTS_DIR)/UITableViewCellBuilder.app/UITableViewCellBuilder";
			};
			name = Release;
		};
/* End XCBuildConfiguration section */

/* Begin XCConfigurationList section */
		6CBA66F8214CAD5700D02B3F /* Build configuration list for PBXProject "UITableViewCellBuilder" */ = {
			isa = XCConfigurationList;
			buildConfigurations = (
				6CBA6718214CAD5800D02B3F /* Debug */,
				6CBA6719214CAD5800D02B3F /* Release */,
			);
			defaultConfigurationIsVisible = 0;
			defaultConfigurationName = Release;
		};
		6CBA671A214CAD5800D02B3F /* Build configuration list for PBXNativeTarget "UITableViewCellBuilder" */ = {
			isa = XCConfigurationList;
			buildConfigurations = (
				6CBA671B214CAD5800D02B3F /* Debug */,
				6CBA671C214CAD5800D02B3F /* Release */,
			);
			defaultConfigurationIsVisible = 0;
			defaultConfigurationName = Release;
		};
		6CBA671D214CAD5800D02B3F /* Build configuration list for PBXNativeTarget "UITableViewCellBuilderTests" */ = {
			isa = XCConfigurationList;
			buildConfigurations = (
				6CBA671E214CAD5800D02B3F /* Debug */,
				6CBA671F214CAD5800D02B3F /* Release */,
			);
			defaultConfigurationIsVisible = 0;
			defaultConfigurationName = Release;
		};
/* End XCConfigurationList section */
	};
	rootObject = 6CBA66F5214CAD5700D02B3F /* Project object */;
}
